// !$*UTF8*$!
{
	archiveVersion = 1;
	classes = {
	};
	objectVersion = 46;
	objects = {

/* Begin PBXBuildFile section */
		81C1BE05C807E56929774734 /* Pods_MVPBlahTests.framework in Frameworks */ = {isa = PBXBuildFile; fileRef = C09E53E5CF9AB467A936748A /* Pods_MVPBlahTests.framework */; };
		A93FE6A01E63103C006EF079 /* SchedulerManager.swift in Sources */ = {isa = PBXBuildFile; fileRef = A93FE69F1E63103C006EF079 /* SchedulerManager.swift */; };
		A93FE6A11E63103C006EF079 /* SchedulerManager.swift in Sources */ = {isa = PBXBuildFile; fileRef = A93FE69F1E63103C006EF079 /* SchedulerManager.swift */; };
		A93FE6A21E63103C006EF079 /* SchedulerManager.swift in Sources */ = {isa = PBXBuildFile; fileRef = A93FE69F1E63103C006EF079 /* SchedulerManager.swift */; };
		A964DC2C1E622974002FD56B /* AppDelegate.swift in Sources */ = {isa = PBXBuildFile; fileRef = A964DC2B1E622974002FD56B /* AppDelegate.swift */; };
		A964DC2E1E622974002FD56B /* ViewController.swift in Sources */ = {isa = PBXBuildFile; fileRef = A964DC2D1E622974002FD56B /* ViewController.swift */; };
		A964DC311E622974002FD56B /* Main.storyboard in Resources */ = {isa = PBXBuildFile; fileRef = A964DC2F1E622974002FD56B /* Main.storyboard */; };
		A964DC331E622974002FD56B /* Assets.xcassets in Resources */ = {isa = PBXBuildFile; fileRef = A964DC321E622974002FD56B /* Assets.xcassets */; };
		A964DC361E622974002FD56B /* LaunchScreen.storyboard in Resources */ = {isa = PBXBuildFile; fileRef = A964DC341E622974002FD56B /* LaunchScreen.storyboard */; };
		A964DC411E622974002FD56B /* MVPBlahTests.swift in Sources */ = {isa = PBXBuildFile; fileRef = A964DC401E622974002FD56B /* MVPBlahTests.swift */; };
		A964DC4C1E622974002FD56B /* MVPBlahUITests.swift in Sources */ = {isa = PBXBuildFile; fileRef = A964DC4B1E622974002FD56B /* MVPBlahUITests.swift */; };
		A9AC72E01E6386B000E19BE2 /* AppDelegate.swift in Sources */ = {isa = PBXBuildFile; fileRef = A964DC2B1E622974002FD56B /* AppDelegate.swift */; };
		A9AC72E11E6386B000E19BE2 /* AppDelegate.swift in Sources */ = {isa = PBXBuildFile; fileRef = A964DC2B1E622974002FD56B /* AppDelegate.swift */; };
		BB044FDBFD7D894BDEED6D32 /* Pods_MVPBlah.framework in Frameworks */ = {isa = PBXBuildFile; fileRef = 320941562F9E7E8BA6688FDE /* Pods_MVPBlah.framework */; };
		C93F84CB1837F4AA17998004 /* Pods_MVPBlahUITests.framework in Frameworks */ = {isa = PBXBuildFile; fileRef = FCA03DC94CB670847739C352 /* Pods_MVPBlahUITests.framework */; };
		CDD2C0601E645E2200A6083B /* JokesRepository.swift in Sources */ = {isa = PBXBuildFile; fileRef = CDD2C05F1E645E2200A6083B /* JokesRepository.swift */; };
		D326B009202623238C367F84 /* JokesPresenter.swift in Sources */ = {isa = PBXBuildFile; fileRef = D326B01B23A8E6E59751A02D /* JokesPresenter.swift */; };
		D326B023F0DA442BBCE038A9 /* jokes.json in Resources */ = {isa = PBXBuildFile; fileRef = D326B1152D74F22C173EB9DF /* jokes.json */; };
		D326B050A4B7D23F24B972CF /* Joke.swift in Sources */ = {isa = PBXBuildFile; fileRef = D326B76F2168F39B3A28F3F4 /* Joke.swift */; };
		D326B0ABCE80436C97612802 /* JokesView.swift in Sources */ = {isa = PBXBuildFile; fileRef = D326BA2047563472807CB0EE /* JokesView.swift */; };
		D326B0B284CD7B38DD78746F /* JokesRepository.swift in Sources */ = {isa = PBXBuildFile; fileRef = CDD2C05F1E645E2200A6083B /* JokesRepository.swift */; };
		D326B12796C8A896E5E9E22F /* ViewController.swift in Sources */ = {isa = PBXBuildFile; fileRef = A964DC2D1E622974002FD56B /* ViewController.swift */; };
		D326B313A364B656F0EFCE51 /* JokesPresenter.swift in Sources */ = {isa = PBXBuildFile; fileRef = D326B01B23A8E6E59751A02D /* JokesPresenter.swift */; };
		D326B4345E2FDFFC0D3E9C1B /* jokes.json in Resources */ = {isa = PBXBuildFile; fileRef = D326B1152D74F22C173EB9DF /* jokes.json */; };
		D326B898F3E64F8D387832B0 /* JokesPresenter.swift in Sources */ = {isa = PBXBuildFile; fileRef = D326B01B23A8E6E59751A02D /* JokesPresenter.swift */; };
		D326B89DD78EE8B0E81E8694 /* JokesView.swift in Sources */ = {isa = PBXBuildFile; fileRef = D326BA2047563472807CB0EE /* JokesView.swift */; };
		D326B9092384801DD178EAC8 /* JokesRepository.swift in Sources */ = {isa = PBXBuildFile; fileRef = CDD2C05F1E645E2200A6083B /* JokesRepository.swift */; };
		D326BAEEC14EA8C02E5BA13C /* JokesView.swift in Sources */ = {isa = PBXBuildFile; fileRef = D326BA2047563472807CB0EE /* JokesView.swift */; };
		D326BD183F6999328C23C3DD /* Podfile in Resources */ = {isa = PBXBuildFile; fileRef = D326BD7A6B7314602306942B /* Podfile */; };
		D326BE05ADFB770D314D9BAF /* jokes.json in Resources */ = {isa = PBXBuildFile; fileRef = D326B1152D74F22C173EB9DF /* jokes.json */; };
		D326BE20C1194B69972BE9F7 /* Podfile in Resources */ = {isa = PBXBuildFile; fileRef = D326BD7A6B7314602306942B /* Podfile */; };
		D326BE28A4458E59BF184C67 /* Joke.swift in Sources */ = {isa = PBXBuildFile; fileRef = D326B76F2168F39B3A28F3F4 /* Joke.swift */; };
		D326BE7E45D8981F61948ABE /* Podfile in Resources */ = {isa = PBXBuildFile; fileRef = D326BD7A6B7314602306942B /* Podfile */; };
		D326BE9ADB59592BC54EB8FC /* ViewController.swift in Sources */ = {isa = PBXBuildFile; fileRef = A964DC2D1E622974002FD56B /* ViewController.swift */; };
		D326BFE747996CA55C7536F7 /* Joke.swift in Sources */ = {isa = PBXBuildFile; fileRef = D326B76F2168F39B3A28F3F4 /* Joke.swift */; };
/* End PBXBuildFile section */

/* Begin PBXContainerItemProxy section */
		A964DC3D1E622974002FD56B /* PBXContainerItemProxy */ = {
			isa = PBXContainerItemProxy;
			containerPortal = A964DC201E622973002FD56B /* Project object */;
			proxyType = 1;
			remoteGlobalIDString = A964DC271E622973002FD56B;
			remoteInfo = MVPBlah;
		};
		A964DC481E622974002FD56B /* PBXContainerItemProxy */ = {
			isa = PBXContainerItemProxy;
			containerPortal = A964DC201E622973002FD56B /* Project object */;
			proxyType = 1;
			remoteGlobalIDString = A964DC271E622973002FD56B;
			remoteInfo = MVPBlah;
		};
/* End PBXContainerItemProxy section */

/* Begin PBXFileReference section */
		272CF73DDE3F3E298BA27392 /* Pods-MVPBlahUITests.debug.xcconfig */ = {isa = PBXFileReference; includeInIndex = 1; lastKnownFileType = text.xcconfig; name = "Pods-MVPBlahUITests.debug.xcconfig"; path = "Pods/Target Support Files/Pods-MVPBlahUITests/Pods-MVPBlahUITests.debug.xcconfig"; sourceTree = "<group>"; };
		281AAF2B9055D18A7AF9C185 /* Pods-MVPBlah.release.xcconfig */ = {isa = PBXFileReference; includeInIndex = 1; lastKnownFileType = text.xcconfig; name = "Pods-MVPBlah.release.xcconfig"; path = "Pods/Target Support Files/Pods-MVPBlah/Pods-MVPBlah.release.xcconfig"; sourceTree = "<group>"; };
		320941562F9E7E8BA6688FDE /* Pods_MVPBlah.framework */ = {isa = PBXFileReference; explicitFileType = wrapper.framework; includeInIndex = 0; path = Pods_MVPBlah.framework; sourceTree = BUILT_PRODUCTS_DIR; };
		7E999FCF47A43AF130DBC777 /* Pods-MVPBlahUITests.release.xcconfig */ = {isa = PBXFileReference; includeInIndex = 1; lastKnownFileType = text.xcconfig; name = "Pods-MVPBlahUITests.release.xcconfig"; path = "Pods/Target Support Files/Pods-MVPBlahUITests/Pods-MVPBlahUITests.release.xcconfig"; sourceTree = "<group>"; };
		8B935AEE6C71A452DD408846 /* Pods-MVPBlah.debug.xcconfig */ = {isa = PBXFileReference; includeInIndex = 1; lastKnownFileType = text.xcconfig; name = "Pods-MVPBlah.debug.xcconfig"; path = "Pods/Target Support Files/Pods-MVPBlah/Pods-MVPBlah.debug.xcconfig"; sourceTree = "<group>"; };
		A93FE69F1E63103C006EF079 /* SchedulerManager.swift */ = {isa = PBXFileReference; fileEncoding = 4; lastKnownFileType = sourcecode.swift; path = SchedulerManager.swift; sourceTree = "<group>"; };
		A964DC281E622974002FD56B /* MVPBlah.app */ = {isa = PBXFileReference; explicitFileType = wrapper.application; includeInIndex = 0; path = MVPBlah.app; sourceTree = BUILT_PRODUCTS_DIR; };
		A964DC2B1E622974002FD56B /* AppDelegate.swift */ = {isa = PBXFileReference; lastKnownFileType = sourcecode.swift; path = AppDelegate.swift; sourceTree = "<group>"; };
		A964DC2D1E622974002FD56B /* ViewController.swift */ = {isa = PBXFileReference; lastKnownFileType = sourcecode.swift; path = ViewController.swift; sourceTree = "<group>"; };
		A964DC301E622974002FD56B /* Base */ = {isa = PBXFileReference; lastKnownFileType = file.storyboard; name = Base; path = Base.lproj/Main.storyboard; sourceTree = "<group>"; };
		A964DC321E622974002FD56B /* Assets.xcassets */ = {isa = PBXFileReference; lastKnownFileType = folder.assetcatalog; path = Assets.xcassets; sourceTree = "<group>"; };
		A964DC351E622974002FD56B /* Base */ = {isa = PBXFileReference; lastKnownFileType = file.storyboard; name = Base; path = Base.lproj/LaunchScreen.storyboard; sourceTree = "<group>"; };
		A964DC371E622974002FD56B /* Info.plist */ = {isa = PBXFileReference; lastKnownFileType = text.plist.xml; path = Info.plist; sourceTree = "<group>"; };
		A964DC3C1E622974002FD56B /* MVPBlahTests.xctest */ = {isa = PBXFileReference; explicitFileType = wrapper.cfbundle; includeInIndex = 0; path = MVPBlahTests.xctest; sourceTree = BUILT_PRODUCTS_DIR; };
		A964DC401E622974002FD56B /* MVPBlahTests.swift */ = {isa = PBXFileReference; lastKnownFileType = sourcecode.swift; path = MVPBlahTests.swift; sourceTree = "<group>"; };
		A964DC421E622974002FD56B /* Info.plist */ = {isa = PBXFileReference; lastKnownFileType = text.plist.xml; path = Info.plist; sourceTree = "<group>"; };
		A964DC471E622974002FD56B /* MVPBlahUITests.xctest */ = {isa = PBXFileReference; explicitFileType = wrapper.cfbundle; includeInIndex = 0; path = MVPBlahUITests.xctest; sourceTree = BUILT_PRODUCTS_DIR; };
		A964DC4B1E622974002FD56B /* MVPBlahUITests.swift */ = {isa = PBXFileReference; lastKnownFileType = sourcecode.swift; path = MVPBlahUITests.swift; sourceTree = "<group>"; };
		A964DC4D1E622974002FD56B /* Info.plist */ = {isa = PBXFileReference; lastKnownFileType = text.plist.xml; path = Info.plist; sourceTree = "<group>"; };
		B08AF283BB6E6706493BD38D /* Pods-MVPBlahTests.release.xcconfig */ = {isa = PBXFileReference; includeInIndex = 1; lastKnownFileType = text.xcconfig; name = "Pods-MVPBlahTests.release.xcconfig"; path = "Pods/Target Support Files/Pods-MVPBlahTests/Pods-MVPBlahTests.release.xcconfig"; sourceTree = "<group>"; };
		C09E53E5CF9AB467A936748A /* Pods_MVPBlahTests.framework */ = {isa = PBXFileReference; explicitFileType = wrapper.framework; includeInIndex = 0; path = Pods_MVPBlahTests.framework; sourceTree = BUILT_PRODUCTS_DIR; };
		CB4A5508F72362ECCF44E6D4 /* Pods-MVPBlahTests.debug.xcconfig */ = {isa = PBXFileReference; includeInIndex = 1; lastKnownFileType = text.xcconfig; name = "Pods-MVPBlahTests.debug.xcconfig"; path = "Pods/Target Support Files/Pods-MVPBlahTests/Pods-MVPBlahTests.debug.xcconfig"; sourceTree = "<group>"; };
		CDD2C05F1E645E2200A6083B /* JokesRepository.swift */ = {isa = PBXFileReference; fileEncoding = 4; lastKnownFileType = sourcecode.swift; path = JokesRepository.swift; sourceTree = "<group>"; };
		D326B01B23A8E6E59751A02D /* JokesPresenter.swift */ = {isa = PBXFileReference; fileEncoding = 4; lastKnownFileType = sourcecode.swift; path = JokesPresenter.swift; sourceTree = "<group>"; };
		D326B1152D74F22C173EB9DF /* jokes.json */ = {isa = PBXFileReference; fileEncoding = 4; lastKnownFileType = text.json; path = jokes.json; sourceTree = "<group>"; };
		D326B76F2168F39B3A28F3F4 /* Joke.swift */ = {isa = PBXFileReference; fileEncoding = 4; lastKnownFileType = sourcecode.swift; path = Joke.swift; sourceTree = "<group>"; };
		D326BA2047563472807CB0EE /* JokesView.swift */ = {isa = PBXFileReference; fileEncoding = 4; lastKnownFileType = sourcecode.swift; path = JokesView.swift; sourceTree = "<group>"; };
		D326BD7A6B7314602306942B /* Podfile */ = {isa = PBXFileReference; fileEncoding = 4; lastKnownFileType = text; path = Podfile; sourceTree = "<group>"; };
		FCA03DC94CB670847739C352 /* Pods_MVPBlahUITests.framework */ = {isa = PBXFileReference; explicitFileType = wrapper.framework; includeInIndex = 0; path = Pods_MVPBlahUITests.framework; sourceTree = BUILT_PRODUCTS_DIR; };
/* End PBXFileReference section */

/* Begin PBXFrameworksBuildPhase section */
		A964DC251E622973002FD56B /* Frameworks */ = {
			isa = PBXFrameworksBuildPhase;
			buildActionMask = 2147483647;
			files = (
				BB044FDBFD7D894BDEED6D32 /* Pods_MVPBlah.framework in Frameworks */,
			);
			runOnlyForDeploymentPostprocessing = 0;
		};
		A964DC391E622974002FD56B /* Frameworks */ = {
			isa = PBXFrameworksBuildPhase;
			buildActionMask = 2147483647;
			files = (
				81C1BE05C807E56929774734 /* Pods_MVPBlahTests.framework in Frameworks */,
			);
			runOnlyForDeploymentPostprocessing = 0;
		};
		A964DC441E622974002FD56B /* Frameworks */ = {
			isa = PBXFrameworksBuildPhase;
			buildActionMask = 2147483647;
			files = (
				C93F84CB1837F4AA17998004 /* Pods_MVPBlahUITests.framework in Frameworks */,
			);
			runOnlyForDeploymentPostprocessing = 0;
		};
/* End PBXFrameworksBuildPhase section */

/* Begin PBXGroup section */
		A964DC1F1E622973002FD56B = {
			isa = PBXGroup;
			children = (
				A964DC2A1E622974002FD56B /* MVPBlah */,
				A964DC3F1E622974002FD56B /* MVPBlahTests */,
				A964DC4A1E622974002FD56B /* MVPBlahUITests */,
				A964DC291E622974002FD56B /* Products */,
				CC4B9C2FBA8FED351F065989 /* Pods */,
				F087C17F36E9A13F96253FEA /* Frameworks */,
				D326BD7A6B7314602306942B /* Podfile */,
			);
			sourceTree = "<group>";
		};
		A964DC291E622974002FD56B /* Products */ = {
			isa = PBXGroup;
			children = (
				A964DC281E622974002FD56B /* MVPBlah.app */,
				A964DC3C1E622974002FD56B /* MVPBlahTests.xctest */,
				A964DC471E622974002FD56B /* MVPBlahUITests.xctest */,
			);
			name = Products;
			sourceTree = "<group>";
		};
		A964DC2A1E622974002FD56B /* MVPBlah */ = {
			isa = PBXGroup;
			children = (
				A964DC2B1E622974002FD56B /* AppDelegate.swift */,
				A964DC2D1E622974002FD56B /* ViewController.swift */,
				A964DC2F1E622974002FD56B /* Main.storyboard */,
				A964DC321E622974002FD56B /* Assets.xcassets */,
				A964DC341E622974002FD56B /* LaunchScreen.storyboard */,
				A964DC371E622974002FD56B /* Info.plist */,
				A93FE69F1E63103C006EF079 /* SchedulerManager.swift */,
				CDD2C05F1E645E2200A6083B /* JokesRepository.swift */,
				D326B76F2168F39B3A28F3F4 /* Joke.swift */,
				D326B1152D74F22C173EB9DF /* jokes.json */,
				D326B01B23A8E6E59751A02D /* JokesPresenter.swift */,
				D326BA2047563472807CB0EE /* JokesView.swift */,
			);
			path = MVPBlah;
			sourceTree = "<group>";
		};
		A964DC3F1E622974002FD56B /* MVPBlahTests */ = {
			isa = PBXGroup;
			children = (
				A964DC401E622974002FD56B /* MVPBlahTests.swift */,
				A964DC421E622974002FD56B /* Info.plist */,
			);
			path = MVPBlahTests;
			sourceTree = "<group>";
		};
		A964DC4A1E622974002FD56B /* MVPBlahUITests */ = {
			isa = PBXGroup;
			children = (
				CD3F7CAB1EE6DCC800913C83 /* Page Objects */,
				A964DC4B1E622974002FD56B /* MVPBlahUITests.swift */,
				A964DC4D1E622974002FD56B /* Info.plist */,
			);
			path = MVPBlahUITests;
			sourceTree = "<group>";
		};
		CC4B9C2FBA8FED351F065989 /* Pods */ = {
			isa = PBXGroup;
			children = (
				8B935AEE6C71A452DD408846 /* Pods-MVPBlah.debug.xcconfig */,
				281AAF2B9055D18A7AF9C185 /* Pods-MVPBlah.release.xcconfig */,
				CB4A5508F72362ECCF44E6D4 /* Pods-MVPBlahTests.debug.xcconfig */,
				B08AF283BB6E6706493BD38D /* Pods-MVPBlahTests.release.xcconfig */,
				272CF73DDE3F3E298BA27392 /* Pods-MVPBlahUITests.debug.xcconfig */,
				7E999FCF47A43AF130DBC777 /* Pods-MVPBlahUITests.release.xcconfig */,
			);
			name = Pods;
			sourceTree = "<group>";
		};
		CD3F7CAB1EE6DCC800913C83 /* Page Objects */ = {
			isa = PBXGroup;
			children = (
			);
			name = "Page Objects";
			sourceTree = "<group>";
		};
		F087C17F36E9A13F96253FEA /* Frameworks */ = {
			isa = PBXGroup;
			children = (
				320941562F9E7E8BA6688FDE /* Pods_MVPBlah.framework */,
				C09E53E5CF9AB467A936748A /* Pods_MVPBlahTests.framework */,
				FCA03DC94CB670847739C352 /* Pods_MVPBlahUITests.framework */,
			);
			name = Frameworks;
			sourceTree = "<group>";
		};
/* End PBXGroup section */

/* Begin PBXNativeTarget section */
		A964DC271E622973002FD56B /* MVPBlah */ = {
			isa = PBXNativeTarget;
			buildConfigurationList = A964DC501E622974002FD56B /* Build configuration list for PBXNativeTarget "MVPBlah" */;
			buildPhases = (
				92B361539D7BAE4849FFFD77 /* [CP] Check Pods Manifest.lock */,
				A964DC241E622973002FD56B /* Sources */,
				A964DC251E622973002FD56B /* Frameworks */,
				A964DC261E622973002FD56B /* Resources */,
				8C27A035637DD81224DEBFBD /* [CP] Embed Pods Frameworks */,
				1EEEE9BD987AE2C5E56F5C7C /* [CP] Copy Pods Resources */,
			);
			buildRules = (
			);
			dependencies = (
			);
			name = MVPBlah;
			productName = MVPBlah;
			productReference = A964DC281E622974002FD56B /* MVPBlah.app */;
			productType = "com.apple.product-type.application";
		};
		A964DC3B1E622974002FD56B /* MVPBlahTests */ = {
			isa = PBXNativeTarget;
			buildConfigurationList = A964DC531E622974002FD56B /* Build configuration list for PBXNativeTarget "MVPBlahTests" */;
			buildPhases = (
				D5F6B2F5F554629B2D413D6E /* [CP] Check Pods Manifest.lock */,
				A964DC381E622974002FD56B /* Sources */,
				A964DC391E622974002FD56B /* Frameworks */,
				A964DC3A1E622974002FD56B /* Resources */,
				6241C1146102CA478416A039 /* [CP] Embed Pods Frameworks */,
				4651411345F9D9415D110A11 /* [CP] Copy Pods Resources */,
			);
			buildRules = (
			);
			dependencies = (
				A964DC3E1E622974002FD56B /* PBXTargetDependency */,
			);
			name = MVPBlahTests;
			productName = MVPBlahTests;
			productReference = A964DC3C1E622974002FD56B /* MVPBlahTests.xctest */;
			productType = "com.apple.product-type.bundle.unit-test";
		};
		A964DC461E622974002FD56B /* MVPBlahUITests */ = {
			isa = PBXNativeTarget;
			buildConfigurationList = A964DC561E622974002FD56B /* Build configuration list for PBXNativeTarget "MVPBlahUITests" */;
			buildPhases = (
				E5F8EBA93123271959826EB7 /* [CP] Check Pods Manifest.lock */,
				A964DC431E622974002FD56B /* Sources */,
				A964DC441E622974002FD56B /* Frameworks */,
				A964DC451E622974002FD56B /* Resources */,
				1C28250BE138AECFAB34A2CB /* [CP] Embed Pods Frameworks */,
				3E6A5D5799EC7C950C2E9D0D /* [CP] Copy Pods Resources */,
			);
			buildRules = (
			);
			dependencies = (
				A964DC491E622974002FD56B /* PBXTargetDependency */,
			);
			name = MVPBlahUITests;
			productName = MVPBlahUITests;
			productReference = A964DC471E622974002FD56B /* MVPBlahUITests.xctest */;
			productType = "com.apple.product-type.bundle.ui-testing";
		};
/* End PBXNativeTarget section */

/* Begin PBXProject section */
		A964DC201E622973002FD56B /* Project object */ = {
			isa = PBXProject;
			attributes = {
				LastSwiftUpdateCheck = 0820;
				LastUpgradeCheck = 0820;
				ORGANIZATIONNAME = "Simone Caldon";
				TargetAttributes = {
					A964DC271E622973002FD56B = {
						CreatedOnToolsVersion = 8.2.1;
						DevelopmentTeam = 4URFC7458S;
						ProvisioningStyle = Automatic;
					};
					A964DC3B1E622974002FD56B = {
						CreatedOnToolsVersion = 8.2.1;
						DevelopmentTeam = "Team Antani";
						ProvisioningStyle = Automatic;
						TestTargetID = A964DC271E622973002FD56B;
					};
					A964DC461E622974002FD56B = {
						CreatedOnToolsVersion = 8.2.1;
						DevelopmentTeam = "Team Antani";
						ProvisioningStyle = Automatic;
						TestTargetID = A964DC271E622973002FD56B;
					};
				};
			};
			buildConfigurationList = A964DC231E622973002FD56B /* Build configuration list for PBXProject "MVPBlah" */;
			compatibilityVersion = "Xcode 3.2";
			developmentRegion = English;
			hasScannedForEncodings = 0;
			knownRegions = (
				en,
				Base,
			);
			mainGroup = A964DC1F1E622973002FD56B;
			productRefGroup = A964DC291E622974002FD56B /* Products */;
			projectDirPath = "";
			projectRoot = "";
			targets = (
				A964DC271E622973002FD56B /* MVPBlah */,
				A964DC3B1E622974002FD56B /* MVPBlahTests */,
				A964DC461E622974002FD56B /* MVPBlahUITests */,
			);
		};
/* End PBXProject section */

/* Begin PBXResourcesBuildPhase section */
		A964DC261E622973002FD56B /* Resources */ = {
			isa = PBXResourcesBuildPhase;
			buildActionMask = 2147483647;
			files = (
				A964DC361E622974002FD56B /* LaunchScreen.storyboard in Resources */,
				A964DC331E622974002FD56B /* Assets.xcassets in Resources */,
				A964DC311E622974002FD56B /* Main.storyboard in Resources */,
				D326BE20C1194B69972BE9F7 /* Podfile in Resources */,
				D326BE05ADFB770D314D9BAF /* jokes.json in Resources */,
			);
			runOnlyForDeploymentPostprocessing = 0;
		};
		A964DC3A1E622974002FD56B /* Resources */ = {
			isa = PBXResourcesBuildPhase;
			buildActionMask = 2147483647;
			files = (
				D326BD183F6999328C23C3DD /* Podfile in Resources */,
				D326B4345E2FDFFC0D3E9C1B /* jokes.json in Resources */,
			);
			runOnlyForDeploymentPostprocessing = 0;
		};
		A964DC451E622974002FD56B /* Resources */ = {
			isa = PBXResourcesBuildPhase;
			buildActionMask = 2147483647;
			files = (
				D326BE7E45D8981F61948ABE /* Podfile in Resources */,
				D326B023F0DA442BBCE038A9 /* jokes.json in Resources */,
			);
			runOnlyForDeploymentPostprocessing = 0;
		};
/* End PBXResourcesBuildPhase section */

/* Begin PBXShellScriptBuildPhase section */
		1C28250BE138AECFAB34A2CB /* [CP] Embed Pods Frameworks */ = {
			isa = PBXShellScriptBuildPhase;
			buildActionMask = 2147483647;
			files = (
			);
			inputPaths = (
			);
			name = "[CP] Embed Pods Frameworks";
			outputPaths = (
			);
			runOnlyForDeploymentPostprocessing = 0;
			shellPath = /bin/sh;
			shellScript = "\"${SRCROOT}/Pods/Target Support Files/Pods-MVPBlahUITests/Pods-MVPBlahUITests-frameworks.sh\"\n";
			showEnvVarsInLog = 0;
		};
		1EEEE9BD987AE2C5E56F5C7C /* [CP] Copy Pods Resources */ = {
			isa = PBXShellScriptBuildPhase;
			buildActionMask = 2147483647;
			files = (
			);
			inputPaths = (
			);
			name = "[CP] Copy Pods Resources";
			outputPaths = (
			);
			runOnlyForDeploymentPostprocessing = 0;
			shellPath = /bin/sh;
			shellScript = "\"${SRCROOT}/Pods/Target Support Files/Pods-MVPBlah/Pods-MVPBlah-resources.sh\"\n";
			showEnvVarsInLog = 0;
		};
		3E6A5D5799EC7C950C2E9D0D /* [CP] Copy Pods Resources */ = {
			isa = PBXShellScriptBuildPhase;
			buildActionMask = 2147483647;
			files = (
			);
			inputPaths = (
			);
			name = "[CP] Copy Pods Resources";
			outputPaths = (
			);
			runOnlyForDeploymentPostprocessing = 0;
			shellPath = /bin/sh;
			shellScript = "\"${SRCROOT}/Pods/Target Support Files/Pods-MVPBlahUITests/Pods-MVPBlahUITests-resources.sh\"\n";
			showEnvVarsInLog = 0;
		};
		4651411345F9D9415D110A11 /* [CP] Copy Pods Resources */ = {
			isa = PBXShellScriptBuildPhase;
			buildActionMask = 2147483647;
			files = (
			);
			inputPaths = (
			);
			name = "[CP] Copy Pods Resources";
			outputPaths = (
			);
			runOnlyForDeploymentPostprocessing = 0;
			shellPath = /bin/sh;
			shellScript = "\"${SRCROOT}/Pods/Target Support Files/Pods-MVPBlahTests/Pods-MVPBlahTests-resources.sh\"\n";
			showEnvVarsInLog = 0;
		};
		6241C1146102CA478416A039 /* [CP] Embed Pods Frameworks */ = {
			isa = PBXShellScriptBuildPhase;
			buildActionMask = 2147483647;
			files = (
			);
			inputPaths = (
			);
			name = "[CP] Embed Pods Frameworks";
			outputPaths = (
			);
			runOnlyForDeploymentPostprocessing = 0;
			shellPath = /bin/sh;
			shellScript = "\"${SRCROOT}/Pods/Target Support Files/Pods-MVPBlahTests/Pods-MVPBlahTests-frameworks.sh\"\n";
			showEnvVarsInLog = 0;
		};
		8C27A035637DD81224DEBFBD /* [CP] Embed Pods Frameworks */ = {
			isa = PBXShellScriptBuildPhase;
			buildActionMask = 2147483647;
			files = (
			);
			inputPaths = (
			);
			name = "[CP] Embed Pods Frameworks";
			outputPaths = (
			);
			runOnlyForDeploymentPostprocessing = 0;
			shellPath = /bin/sh;
			shellScript = "\"${SRCROOT}/Pods/Target Support Files/Pods-MVPBlah/Pods-MVPBlah-frameworks.sh\"\n";
			showEnvVarsInLog = 0;
		};
		92B361539D7BAE4849FFFD77 /* [CP] Check Pods Manifest.lock */ = {
			isa = PBXShellScriptBuildPhase;
			buildActionMask = 2147483647;
			files = (
			);
			inputPaths = (
			);
			name = "[CP] Check Pods Manifest.lock";
			outputPaths = (
			);
			runOnlyForDeploymentPostprocessing = 0;
			shellPath = /bin/sh;
			shellScript = "diff \"${PODS_ROOT}/../Podfile.lock\" \"${PODS_ROOT}/Manifest.lock\" > /dev/null\nif [ $? != 0 ] ; then\n    # print error to STDERR\n    echo \"error: The sandbox is not in sync with the Podfile.lock. Run 'pod install' or update your CocoaPods installation.\" >&2\n    exit 1\nfi\n";
			showEnvVarsInLog = 0;
		};
		D5F6B2F5F554629B2D413D6E /* [CP] Check Pods Manifest.lock */ = {
			isa = PBXShellScriptBuildPhase;
			buildActionMask = 2147483647;
			files = (
			);
			inputPaths = (
			);
			name = "[CP] Check Pods Manifest.lock";
			outputPaths = (
			);
			runOnlyForDeploymentPostprocessing = 0;
			shellPath = /bin/sh;
			shellScript = "diff \"${PODS_ROOT}/../Podfile.lock\" \"${PODS_ROOT}/Manifest.lock\" > /dev/null\nif [ $? != 0 ] ; then\n    # print error to STDERR\n    echo \"error: The sandbox is not in sync with the Podfile.lock. Run 'pod install' or update your CocoaPods installation.\" >&2\n    exit 1\nfi\n";
			showEnvVarsInLog = 0;
		};
		E5F8EBA93123271959826EB7 /* [CP] Check Pods Manifest.lock */ = {
			isa = PBXShellScriptBuildPhase;
			buildActionMask = 2147483647;
			files = (
			);
			inputPaths = (
			);
			name = "[CP] Check Pods Manifest.lock";
			outputPaths = (
			);
			runOnlyForDeploymentPostprocessing = 0;
			shellPath = /bin/sh;
			shellScript = "diff \"${PODS_ROOT}/../Podfile.lock\" \"${PODS_ROOT}/Manifest.lock\" > /dev/null\nif [ $? != 0 ] ; then\n    # print error to STDERR\n    echo \"error: The sandbox is not in sync with the Podfile.lock. Run 'pod install' or update your CocoaPods installation.\" >&2\n    exit 1\nfi\n";
			showEnvVarsInLog = 0;
		};
/* End PBXShellScriptBuildPhase section */

/* Begin PBXSourcesBuildPhase section */
		A964DC241E622973002FD56B /* Sources */ = {
			isa = PBXSourcesBuildPhase;
			buildActionMask = 2147483647;
			files = (
				CDD2C0601E645E2200A6083B /* JokesRepository.swift in Sources */,
				A964DC2E1E622974002FD56B /* ViewController.swift in Sources */,
				A93FE6A01E63103C006EF079 /* SchedulerManager.swift in Sources */,
				A964DC2C1E622974002FD56B /* AppDelegate.swift in Sources */,
				D326B050A4B7D23F24B972CF /* Joke.swift in Sources */,
				D326B313A364B656F0EFCE51 /* JokesPresenter.swift in Sources */,
				D326B89DD78EE8B0E81E8694 /* JokesView.swift in Sources */,
			);
			runOnlyForDeploymentPostprocessing = 0;
		};
		A964DC381E622974002FD56B /* Sources */ = {
			isa = PBXSourcesBuildPhase;
			buildActionMask = 2147483647;
			files = (
				A9AC72E01E6386B000E19BE2 /* AppDelegate.swift in Sources */,
				A964DC411E622974002FD56B /* MVPBlahTests.swift in Sources */,
				A93FE6A11E63103C006EF079 /* SchedulerManager.swift in Sources */,
				D326BE9ADB59592BC54EB8FC /* ViewController.swift in Sources */,
				D326B9092384801DD178EAC8 /* JokesRepository.swift in Sources */,
				D326BE28A4458E59BF184C67 /* Joke.swift in Sources */,
				D326B898F3E64F8D387832B0 /* JokesPresenter.swift in Sources */,
				D326B0ABCE80436C97612802 /* JokesView.swift in Sources */,
			);
			runOnlyForDeploymentPostprocessing = 0;
		};
		A964DC431E622974002FD56B /* Sources */ = {
			isa = PBXSourcesBuildPhase;
			buildActionMask = 2147483647;
			files = (
				A9AC72E11E6386B000E19BE2 /* AppDelegate.swift in Sources */,
				A964DC4C1E622974002FD56B /* MVPBlahUITests.swift in Sources */,
				A93FE6A21E63103C006EF079 /* SchedulerManager.swift in Sources */,
				D326B12796C8A896E5E9E22F /* ViewController.swift in Sources */,
				D326B0B284CD7B38DD78746F /* JokesRepository.swift in Sources */,
				D326BFE747996CA55C7536F7 /* Joke.swift in Sources */,
				D326B009202623238C367F84 /* JokesPresenter.swift in Sources */,
				D326BAEEC14EA8C02E5BA13C /* JokesView.swift in Sources */,
			);
			runOnlyForDeploymentPostprocessing = 0;
		};
/* End PBXSourcesBuildPhase section */

/* Begin PBXTargetDependency section */
		A964DC3E1E622974002FD56B /* PBXTargetDependency */ = {
			isa = PBXTargetDependency;
			target = A964DC271E622973002FD56B /* MVPBlah */;
			targetProxy = A964DC3D1E622974002FD56B /* PBXContainerItemProxy */;
		};
		A964DC491E622974002FD56B /* PBXTargetDependency */ = {
			isa = PBXTargetDependency;
			target = A964DC271E622973002FD56B /* MVPBlah */;
			targetProxy = A964DC481E622974002FD56B /* PBXContainerItemProxy */;
		};
/* End PBXTargetDependency section */

/* Begin PBXVariantGroup section */
		A964DC2F1E622974002FD56B /* Main.storyboard */ = {
			isa = PBXVariantGroup;
			children = (
				A964DC301E622974002FD56B /* Base */,
			);
			name = Main.storyboard;
			sourceTree = "<group>";
		};
		A964DC341E622974002FD56B /* LaunchScreen.storyboard */ = {
			isa = PBXVariantGroup;
			children = (
				A964DC351E622974002FD56B /* Base */,
			);
			name = LaunchScreen.storyboard;
			sourceTree = "<group>";
		};
/* End PBXVariantGroup section */

/* Begin XCBuildConfiguration section */
		A964DC4E1E622974002FD56B /* Debug */ = {
			isa = XCBuildConfiguration;
			buildSettings = {
				ALWAYS_SEARCH_USER_PATHS = NO;
				CLANG_ANALYZER_NONNULL = YES;
				CLANG_CXX_LANGUAGE_STANDARD = "gnu++0x";
				CLANG_CXX_LIBRARY = "libc++";
				CLANG_ENABLE_MODULES = YES;
				CLANG_ENABLE_OBJC_ARC = YES;
				CLANG_WARN_BOOL_CONVERSION = YES;
				CLANG_WARN_CONSTANT_CONVERSION = YES;
				CLANG_WARN_DIRECT_OBJC_ISA_USAGE = YES_ERROR;
				CLANG_WARN_DOCUMENTATION_COMMENTS = YES;
				CLANG_WARN_EMPTY_BODY = YES;
				CLANG_WARN_ENUM_CONVERSION = YES;
				CLANG_WARN_INFINITE_RECURSION = YES;
				CLANG_WARN_INT_CONVERSION = YES;
				CLANG_WARN_OBJC_ROOT_CLASS = YES_ERROR;
				CLANG_WARN_SUSPICIOUS_MOVE = YES;
				CLANG_WARN_UNREACHABLE_CODE = YES;
				CLANG_WARN__DUPLICATE_METHOD_MATCH = YES;
				"CODE_SIGN_IDENTITY[sdk=iphoneos*]" = "iPhone Developer";
				COPY_PHASE_STRIP = NO;
				DEBUG_INFORMATION_FORMAT = dwarf;
				DEVELOPMENT_TEAM = "Team Antani";
				ENABLE_STRICT_OBJC_MSGSEND = YES;
				ENABLE_TESTABILITY = YES;
				GCC_C_LANGUAGE_STANDARD = gnu99;
				GCC_DYNAMIC_NO_PIC = NO;
				GCC_NO_COMMON_BLOCKS = YES;
				GCC_OPTIMIZATION_LEVEL = 0;
				GCC_PREPROCESSOR_DEFINITIONS = (
					"DEBUG=1",
					"$(inherited)",
				);
				GCC_WARN_64_TO_32_BIT_CONVERSION = YES;
				GCC_WARN_ABOUT_RETURN_TYPE = YES_ERROR;
				GCC_WARN_UNDECLARED_SELECTOR = YES;
				GCC_WARN_UNINITIALIZED_AUTOS = YES_AGGRESSIVE;
				GCC_WARN_UNUSED_FUNCTION = YES;
				GCC_WARN_UNUSED_VARIABLE = YES;
				IPHONEOS_DEPLOYMENT_TARGET = 10.2;
				MTL_ENABLE_DEBUG_INFO = YES;
				ONLY_ACTIVE_ARCH = YES;
				SDKROOT = iphoneos;
				SWIFT_ACTIVE_COMPILATION_CONDITIONS = DEBUG;
				SWIFT_OPTIMIZATION_LEVEL = "-Onone";
				TARGETED_DEVICE_FAMILY = "1,2";
			};
			name = Debug;
		};
		A964DC4F1E622974002FD56B /* Release */ = {
			isa = XCBuildConfiguration;
			buildSettings = {
				ALWAYS_SEARCH_USER_PATHS = NO;
				CLANG_ANALYZER_NONNULL = YES;
				CLANG_CXX_LANGUAGE_STANDARD = "gnu++0x";
				CLANG_CXX_LIBRARY = "libc++";
				CLANG_ENABLE_MODULES = YES;
				CLANG_ENABLE_OBJC_ARC = YES;
				CLANG_WARN_BOOL_CONVERSION = YES;
				CLANG_WARN_CONSTANT_CONVERSION = YES;
				CLANG_WARN_DIRECT_OBJC_ISA_USAGE = YES_ERROR;
				CLANG_WARN_DOCUMENTATION_COMMENTS = YES;
				CLANG_WARN_EMPTY_BODY = YES;
				CLANG_WARN_ENUM_CONVERSION = YES;
				CLANG_WARN_INFINITE_RECURSION = YES;
				CLANG_WARN_INT_CONVERSION = YES;
				CLANG_WARN_OBJC_ROOT_CLASS = YES_ERROR;
				CLANG_WARN_SUSPICIOUS_MOVE = YES;
				CLANG_WARN_UNREACHABLE_CODE = YES;
				CLANG_WARN__DUPLICATE_METHOD_MATCH = YES;
				"CODE_SIGN_IDENTITY[sdk=iphoneos*]" = "iPhone Developer";
				COPY_PHASE_STRIP = NO;
				DEBUG_INFORMATION_FORMAT = "dwarf-with-dsym";
				ENABLE_NS_ASSERTIONS = NO;
				ENABLE_STRICT_OBJC_MSGSEND = YES;
				GCC_C_LANGUAGE_STANDARD = gnu99;
				GCC_NO_COMMON_BLOCKS = YES;
				GCC_WARN_64_TO_32_BIT_CONVERSION = YES;
				GCC_WARN_ABOUT_RETURN_TYPE = YES_ERROR;
				GCC_WARN_UNDECLARED_SELECTOR = YES;
				GCC_WARN_UNINITIALIZED_AUTOS = YES_AGGRESSIVE;
				GCC_WARN_UNUSED_FUNCTION = YES;
				GCC_WARN_UNUSED_VARIABLE = YES;
				IPHONEOS_DEPLOYMENT_TARGET = 10.2;
				MTL_ENABLE_DEBUG_INFO = NO;
				SDKROOT = iphoneos;
				SWIFT_OPTIMIZATION_LEVEL = "-Owholemodule";
				TARGETED_DEVICE_FAMILY = "1,2";
				VALIDATE_PRODUCT = YES;
			};
			name = Release;
		};
		A964DC511E622974002FD56B /* Debug */ = {
			isa = XCBuildConfiguration;
			baseConfigurationReference = 8B935AEE6C71A452DD408846 /* Pods-MVPBlah.debug.xcconfig */;
			buildSettings = {
				ASSETCATALOG_COMPILER_APPICON_NAME = AppIcon;
				DEVELOPMENT_TEAM = 4URFC7458S;
				INFOPLIST_FILE = MVPBlah/Info.plist;
				LD_RUNPATH_SEARCH_PATHS = "$(inherited) @executable_path/Frameworks";
				PRODUCT_BUNDLE_IDENTIFIER = it.dindonkey.MVPBlah;
				PRODUCT_NAME = "$(TARGET_NAME)";
				SWIFT_VERSION = 3.0;
			};
			name = Debug;
		};
		A964DC521E622974002FD56B /* Release */ = {
			isa = XCBuildConfiguration;
			baseConfigurationReference = 281AAF2B9055D18A7AF9C185 /* Pods-MVPBlah.release.xcconfig */;
			buildSettings = {
				ASSETCATALOG_COMPILER_APPICON_NAME = AppIcon;
				DEVELOPMENT_TEAM = 4URFC7458S;
				INFOPLIST_FILE = MVPBlah/Info.plist;
				LD_RUNPATH_SEARCH_PATHS = "$(inherited) @executable_path/Frameworks";
				PRODUCT_BUNDLE_IDENTIFIER = it.dindonkey.MVPBlah;
				PRODUCT_NAME = "$(TARGET_NAME)";
				SWIFT_VERSION = 3.0;
			};
			name = Release;
		};
		A964DC541E622974002FD56B /* Debug */ = {
			isa = XCBuildConfiguration;
			baseConfigurationReference = CB4A5508F72362ECCF44E6D4 /* Pods-MVPBlahTests.debug.xcconfig */;
			buildSettings = {
				ALWAYS_EMBED_SWIFT_STANDARD_LIBRARIES = YES;
				BUNDLE_LOADER = "$(TEST_HOST)";
				INFOPLIST_FILE = MVPBlahTests/Info.plist;
				LD_RUNPATH_SEARCH_PATHS = "$(inherited) @executable_path/Frameworks @loader_path/Frameworks";
				PRODUCT_BUNDLE_IDENTIFIER = it.dindonkey.MVPBlahTests;
				PRODUCT_NAME = "$(TARGET_NAME)";
				SWIFT_VERSION = 3.0;
				TEST_HOST = "$(BUILT_PRODUCTS_DIR)/MVPBlah.app/MVPBlah";
			};
			name = Debug;
		};
		A964DC551E622974002FD56B /* Release */ = {
			isa = XCBuildConfiguration;
			baseConfigurationReference = B08AF283BB6E6706493BD38D /* Pods-MVPBlahTests.release.xcconfig */;
			buildSettings = {
				ALWAYS_EMBED_SWIFT_STANDARD_LIBRARIES = YES;
				BUNDLE_LOADER = "$(TEST_HOST)";
				INFOPLIST_FILE = MVPBlahTests/Info.plist;
				LD_RUNPATH_SEARCH_PATHS = "$(inherited) @executable_path/Frameworks @loader_path/Frameworks";
				PRODUCT_BUNDLE_IDENTIFIER = it.dindonkey.MVPBlahTests;
				PRODUCT_NAME = "$(TARGET_NAME)";
				SWIFT_VERSION = 3.0;
				TEST_HOST = "$(BUILT_PRODUCTS_DIR)/MVPBlah.app/MVPBlah";
			};
			name = Release;
		};
		A964DC571E622974002FD56B /* Debug */ = {
			isa = XCBuildConfiguration;
			baseConfigurationReference = 272CF73DDE3F3E298BA27392 /* Pods-MVPBlahUITests.debug.xcconfig */;
			buildSettings = {
				ALWAYS_EMBED_SWIFT_STANDARD_LIBRARIES = YES;
				INFOPLIST_FILE = MVPBlahUITests/Info.plist;
				LD_RUNPATH_SEARCH_PATHS = "$(inherited) @executable_path/Frameworks @loader_path/Frameworks";
				PRODUCT_BUNDLE_IDENTIFIER = it.dindonkey.MVPBlahUITests;
				PRODUCT_NAME = "$(TARGET_NAME)";
				SWIFT_VERSION = 3.0;
				TEST_TARGET_NAME = MVPBlah;
			};
			name = Debug;
		};
		A964DC581E622974002FD56B /* Release */ = {
			isa = XCBuildConfiguration;
			baseConfigurationReference = 7E999FCF47A43AF130DBC777 /* Pods-MVPBlahUITests.release.xcconfig */;
			buildSettings = {
				ALWAYS_EMBED_SWIFT_STANDARD_LIBRARIES = YES;
				INFOPLIST_FILE = MVPBlahUITests/Info.plist;
				LD_RUNPATH_SEARCH_PATHS = "$(inherited) @executable_path/Frameworks @loader_path/Frameworks";
				PRODUCT_BUNDLE_IDENTIFIER = it.dindonkey.MVPBlahUITests;
				PRODUCT_NAME = "$(TARGET_NAME)";
				SWIFT_VERSION = 3.0;
				TEST_TARGET_NAME = MVPBlah;
			};
			name = Release;
		};
/* End XCBuildConfiguration section */

/* Begin XCConfigurationList section */
		A964DC231E622973002FD56B /* Build configuration list for PBXProject "MVPBlah" */ = {
			isa = XCConfigurationList;
			buildConfigurations = (
				A964DC4E1E622974002FD56B /* Debug */,
				A964DC4F1E622974002FD56B /* Release */,
			);
			defaultConfigurationIsVisible = 0;
			defaultConfigurationName = Release;
		};
		A964DC501E622974002FD56B /* Build configuration list for PBXNativeTarget "MVPBlah" */ = {
			isa = XCConfigurationList;
			buildConfigurations = (
				A964DC511E622974002FD56B /* Debug */,
				A964DC521E622974002FD56B /* Release */,
			);
			defaultConfigurationIsVisible = 0;
			defaultConfigurationName = Release;
		};
		A964DC531E622974002FD56B /* Build configuration list for PBXNativeTarget "MVPBlahTests" */ = {
			isa = XCConfigurationList;
			buildConfigurations = (
				A964DC541E622974002FD56B /* Debug */,
				A964DC551E622974002FD56B /* Release */,
			);
			defaultConfigurationIsVisible = 0;
			defaultConfigurationName = Release;
		};
		A964DC561E622974002FD56B /* Build configuration list for PBXNativeTarget "MVPBlahUITests" */ = {
			isa = XCConfigurationList;
			buildConfigurations = (
				A964DC571E622974002FD56B /* Debug */,
				A964DC581E622974002FD56B /* Release */,
			);
			defaultConfigurationIsVisible = 0;
			defaultConfigurationName = Release;
		};
/* End XCConfigurationList section */
	};
	rootObject = A964DC201E622973002FD56B /* Project object */;
}
